
Microsoft Visual Studio Solution File, Format Version 12.00
# Visual Studio Version 16
VisualStudioVersion = 16.0.31515.178
MinimumVisualStudioVersion = 10.0.40219.1
Project("{FAE04EC0-301F-11D3-BF4B-00C04F79EFBC}") = "Crud_Service", "Crud_Service\Crud_Service.csproj", "{A9B5E3A7-CA98-45AF-955B-9823F03C036A}"
EndProject
Project("{FAE04EC0-301F-11D3-BF4B-00C04F79EFBC}") = "WCFConsoleConsume", "WCFConsoleConsume\WCFConsoleConsume.csproj", "{7F472DAA-83BB-4BB4-9202-896E7840EB20}"
EndProject
Global
	GlobalSection(SolutionConfigurationPlatforms) = preSolution
		Debug|Any CPU = Debug|Any CPU
		Release|Any CPU = Release|Any CPU
	EndGlobalSection
	GlobalSection(ProjectConfigurationPlatforms) = postSolution
		{A9B5E3A7-CA98-45AF-955B-9823F03C036A}.Debug|Any CPU.ActiveCfg = Debug|Any CPU
		{A9B5E3A7-CA98-45AF-955B-9823F03C036A}.Debug|Any CPU.Build.0 = Debug|Any CPU
		{A9B5E3A7-CA98-45AF-955B-9823F03C036A}.Release|Any CPU.ActiveCfg = Release|Any CPU
		{A9B5E3A7-CA98-45AF-955B-9823F03C036A}.Release|Any CPU.Build.0 = Release|Any CPU
		{7F472DAA-83BB-4BB4-9202-896E7840EB20}.Debug|Any CPU.ActiveCfg = Debug|Any CPU
		{7F472DAA-83BB-4BB4-9202-896E7840EB20}.Debug|Any CPU.Build.0 = Debug|Any CPU
		{7F472DAA-83BB-4BB4-9202-896E7840EB20}.Release|Any CPU.ActiveCfg = Release|Any CPU
		{7F472DAA-83BB-4BB4-9202-896E7840EB20}.Release|Any CPU.Build.0 = Release|Any CPU
	EndGlobalSection
	GlobalSection(SolutionProperties) = preSolution
		HideSolutionNode = FALSE
	EndGlobalSection
	GlobalSection(ExtensibilityGlobals) = postSolution
		SolutionGuid = {A1D6DD8B-9207-4C28-8550-713D475D0B1E}
	EndGlobalSection
EndGlobal
